
Microsoft Visual Studio Solution File, Format Version 12.00
# Visual Studio Version 17
VisualStudioVersion = 17.4.33122.133
MinimumVisualStudioVersion = 10.0.40219.1
Project("{FAE04EC0-301F-11D3-BF4B-00C04F79EFBC}") = "WpfTest", "WpfTest.csproj", "{6F4F8B0B-4340-4F10-B1DA-F749DD168625}"
EndProject
Global
	GlobalSection(SolutionConfigurationPlatforms) = preSolution
		Debug|Any CPU = Debug|Any CPU
		Release|Any CPU = Release|Any CPU
	EndGlobalSection
	GlobalSection(ProjectConfigurationPlatforms) = postSolution
		{6F4F8B0B-4340-4F10-B1DA-F749DD168625}.Debug|Any CPU.ActiveCfg = Debug|Any CPU
		{6F4F8B0B-4340-4F10-B1DA-F749DD168625}.Debug|Any CPU.Build.0 = Debug|Any CPU
		{6F4F8B0B-4340-4F10-B1DA-F749DD168625}.Release|Any CPU.ActiveCfg = Release|Any CPU
		{6F4F8B0B-4340-4F10-B1DA-F749DD168625}.Release|Any CPU.Build.0 = Release|Any CPU
	EndGlobalSection
	GlobalSection(SolutionProperties) = preSolution
		HideSolutionNode = FALSE
	EndGlobalSection
	GlobalSection(ExtensibilityGlobals) = postSolution
		SolutionGuid = {7B04DD8F-2C52-4079-B0ED-367EA25F7C45}
	EndGlobalSection
EndGlobal
